
Microsoft Visual Studio Solution File, Format Version 12.00
# Visual Studio Version 17
VisualStudioVersion = 17.4.33103.184
MinimumVisualStudioVersion = 10.0.40219.1
Project("{FAE04EC0-301F-11D3-BF4B-00C04F79EFBC}") = "SimpleAlgorithmQuestions", "SimpleAlgorithmQuestions\SimpleAlgorithmQuestions.csproj", "{1130031C-8785-42D1-9AEE-6DBD8980D9C3}"
EndProject
Global
	GlobalSection(SolutionConfigurationPlatforms) = preSolution
		Debug|Any CPU = Debug|Any CPU
		Release|Any CPU = Release|Any CPU
	EndGlobalSection
	GlobalSection(ProjectConfigurationPlatforms) = postSolution
		{1130031C-8785-42D1-9AEE-6DBD8980D9C3}.Debug|Any CPU.ActiveCfg = Debug|Any CPU
		{1130031C-8785-42D1-9AEE-6DBD8980D9C3}.Debug|Any CPU.Build.0 = Debug|Any CPU
		{1130031C-8785-42D1-9AEE-6DBD8980D9C3}.Release|Any CPU.ActiveCfg = Release|Any CPU
		{1130031C-8785-42D1-9AEE-6DBD8980D9C3}.Release|Any CPU.Build.0 = Release|Any CPU
	EndGlobalSection
	GlobalSection(SolutionProperties) = preSolution
		HideSolutionNode = FALSE
	EndGlobalSection
	GlobalSection(ExtensibilityGlobals) = postSolution
		SolutionGuid = {78CE5F13-0610-463D-A74D-EDBCD057B3E2}
	EndGlobalSection
EndGlobal
